
Microsoft Visual Studio Solution File, Format Version 12.00
# Visual Studio Version 17
VisualStudioVersion = 17.8.34330.188
MinimumVisualStudioVersion = 10.0.40219.1
Project("{9A19103F-16F7-4668-BE54-9A1E7A4F7556}") = "JH.App.RedditClient", "JH.App.RedditClient\JH.App.RedditClient.csproj", "{D85995F2-416C-4EB9-89BC-F95A32EE1032}"
EndProject
Project("{9A19103F-16F7-4668-BE54-9A1E7A4F7556}") = "JH.Service.Reddit", "JH.Service.Reddit\JH.Service.Reddit.csproj", "{8E23F229-8F9D-4AD5-AB62-2ADA669E84C5}"
EndProject
Project("{FAE04EC0-301F-11D3-BF4B-00C04F79EFBC}") = "JH.Test.RedditService", "JH.Test.RedditService\JH.Test.RedditService.csproj", "{070E7420-38CC-45BE-822F-4567B47AADFB}"
EndProject
Global
	GlobalSection(SolutionConfigurationPlatforms) = preSolution
		Debug|Any CPU = Debug|Any CPU
		Release|Any CPU = Release|Any CPU
	EndGlobalSection
	GlobalSection(ProjectConfigurationPlatforms) = postSolution
		{D85995F2-416C-4EB9-89BC-F95A32EE1032}.Debug|Any CPU.ActiveCfg = Debug|Any CPU
		{D85995F2-416C-4EB9-89BC-F95A32EE1032}.Debug|Any CPU.Build.0 = Debug|Any CPU
		{D85995F2-416C-4EB9-89BC-F95A32EE1032}.Release|Any CPU.ActiveCfg = Release|Any CPU
		{D85995F2-416C-4EB9-89BC-F95A32EE1032}.Release|Any CPU.Build.0 = Release|Any CPU
		{8E23F229-8F9D-4AD5-AB62-2ADA669E84C5}.Debug|Any CPU.ActiveCfg = Debug|Any CPU
		{8E23F229-8F9D-4AD5-AB62-2ADA669E84C5}.Debug|Any CPU.Build.0 = Debug|Any CPU
		{8E23F229-8F9D-4AD5-AB62-2ADA669E84C5}.Release|Any CPU.ActiveCfg = Release|Any CPU
		{8E23F229-8F9D-4AD5-AB62-2ADA669E84C5}.Release|Any CPU.Build.0 = Release|Any CPU
		{070E7420-38CC-45BE-822F-4567B47AADFB}.Debug|Any CPU.ActiveCfg = Debug|Any CPU
		{070E7420-38CC-45BE-822F-4567B47AADFB}.Debug|Any CPU.Build.0 = Debug|Any CPU
		{070E7420-38CC-45BE-822F-4567B47AADFB}.Release|Any CPU.ActiveCfg = Release|Any CPU
		{070E7420-38CC-45BE-822F-4567B47AADFB}.Release|Any CPU.Build.0 = Release|Any CPU
	EndGlobalSection
	GlobalSection(SolutionProperties) = preSolution
		HideSolutionNode = FALSE
	EndGlobalSection
	GlobalSection(ExtensibilityGlobals) = postSolution
		SolutionGuid = {162D8292-9D76-4C66-B648-ACDC987F1703}
	EndGlobalSection
EndGlobal
